
Microsoft Visual Studio Solution File, Format Version 12.00
# Visual Studio Version 16
VisualStudioVersion = 16.0.32126.315
MinimumVisualStudioVersion = 10.0.40219.1
Project("{8BC9CEB8-8B4A-11D0-8D11-00A0C91BC942}") = "oop_laba_5.3", "oop_laba_5.3\oop_laba_5.3.vcxproj", "{7A593B02-8226-41E3-86D5-1DFBF8059323}"
EndProject
Project("{8BC9CEB8-8B4A-11D0-8D11-00A0C91BC942}") = "oop_UnitTest_5.3", "oop_UnitTest_5.3\oop_UnitTest_5.3.vcxproj", "{819864ED-7A6F-487F-ADE0-F45E906366E0}"
EndProject
Global
	GlobalSection(SolutionConfigurationPlatforms) = preSolution
		Debug|x64 = Debug|x64
		Debug|x86 = Debug|x86
		Release|x64 = Release|x64
		Release|x86 = Release|x86
	EndGlobalSection
	GlobalSection(ProjectConfigurationPlatforms) = postSolution
		{7A593B02-8226-41E3-86D5-1DFBF8059323}.Debug|x64.ActiveCfg = Debug|x64
		{7A593B02-8226-41E3-86D5-1DFBF8059323}.Debug|x64.Build.0 = Debug|x64
		{7A593B02-8226-41E3-86D5-1DFBF8059323}.Debug|x86.ActiveCfg = Debug|Win32
		{7A593B02-8226-41E3-86D5-1DFBF8059323}.Debug|x86.Build.0 = Debug|Win32
		{7A593B02-8226-41E3-86D5-1DFBF8059323}.Release|x64.ActiveCfg = Release|x64
		{7A593B02-8226-41E3-86D5-1DFBF8059323}.Release|x64.Build.0 = Release|x64
		{7A593B02-8226-41E3-86D5-1DFBF8059323}.Release|x86.ActiveCfg = Release|Win32
		{7A593B02-8226-41E3-86D5-1DFBF8059323}.Release|x86.Build.0 = Release|Win32
		{819864ED-7A6F-487F-ADE0-F45E906366E0}.Debug|x64.ActiveCfg = Debug|x64
		{819864ED-7A6F-487F-ADE0-F45E906366E0}.Debug|x64.Build.0 = Debug|x64
		{819864ED-7A6F-487F-ADE0-F45E906366E0}.Debug|x86.ActiveCfg = Debug|Win32
		{819864ED-7A6F-487F-ADE0-F45E906366E0}.Debug|x86.Build.0 = Debug|Win32
		{819864ED-7A6F-487F-ADE0-F45E906366E0}.Release|x64.ActiveCfg = Release|x64
		{819864ED-7A6F-487F-ADE0-F45E906366E0}.Release|x64.Build.0 = Release|x64
		{819864ED-7A6F-487F-ADE0-F45E906366E0}.Release|x86.ActiveCfg = Release|Win32
		{819864ED-7A6F-487F-ADE0-F45E906366E0}.Release|x86.Build.0 = Release|Win32
	EndGlobalSection
	GlobalSection(SolutionProperties) = preSolution
		HideSolutionNode = FALSE
	EndGlobalSection
	GlobalSection(ExtensibilityGlobals) = postSolution
		SolutionGuid = {51984A6D-7C1F-43EC-A148-E5A2F34C363C}
	EndGlobalSection
EndGlobal
